
Microsoft Visual Studio Solution File, Format Version 12.00
# Visual Studio Version 17
VisualStudioVersion = 17.0.31903.59
MinimumVisualStudioVersion = 10.0.40219.1
Project("{2150E333-8FDC-42A3-9474-1A3956D46DE8}") = "src", "src", "{827E0CD3-B72D-47B6-A68D-7590B98EB39B}"
EndProject
Project("{FAE04EC0-301F-11D3-BF4B-00C04F79EFBC}") = "FocusAnchor.Core", "src\FocusAnchor.Core\FocusAnchor.Core.csproj", "{765BD903-E09B-4B2E-A37B-D294D75ECCA8}"
EndProject
Project("{FAE04EC0-301F-11D3-BF4B-00C04F79EFBC}") = "FocusAnchor.Data", "src\FocusAnchor.Data\FocusAnchor.Data.csproj", "{8E0CACC9-3B2E-4223-93B3-4484DA1CFEDD}"
EndProject
Project("{FAE04EC0-301F-11D3-BF4B-00C04F79EFBC}") = "FocusAnchor.App", "src\FocusAnchor.App\FocusAnchor.App.csproj", "{95E81EA0-45A4-4294-A8CE-A618E28EA0AA}"
EndProject
Project("{2150E333-8FDC-42A3-9474-1A3956D46DE8}") = "tests", "tests", "{0AB3BF05-4346-4AA6-1389-037BE0695223}"
EndProject
Project("{FAE04EC0-301F-11D3-BF4B-00C04F79EFBC}") = "FocusAnchor.Core.Tests", "tests\FocusAnchor.Core.Tests\FocusAnchor.Core.Tests.csproj", "{D07ECDDC-0AD5-4DE6-90AB-B945C3227EB0}"
EndProject
Project("{FAE04EC0-301F-11D3-BF4B-00C04F79EFBC}") = "FocusAnchor.Data.Tests", "tests\FocusAnchor.Data.Tests\FocusAnchor.Data.Tests.csproj", "{BFDB5D51-9324-4C06-8EEE-5AE40D278FEF}"
EndProject
Global
	GlobalSection(SolutionConfigurationPlatforms) = preSolution
		Debug|Any CPU = Debug|Any CPU
		Debug|x64 = Debug|x64
		Debug|x86 = Debug|x86
		Release|Any CPU = Release|Any CPU
		Release|x64 = Release|x64
		Release|x86 = Release|x86
	EndGlobalSection
	GlobalSection(ProjectConfigurationPlatforms) = postSolution
		{765BD903-E09B-4B2E-A37B-D294D75ECCA8}.Debug|Any CPU.ActiveCfg = Debug|Any CPU
		{765BD903-E09B-4B2E-A37B-D294D75ECCA8}.Debug|Any CPU.Build.0 = Debug|Any CPU
		{765BD903-E09B-4B2E-A37B-D294D75ECCA8}.Debug|x64.ActiveCfg = Debug|Any CPU
		{765BD903-E09B-4B2E-A37B-D294D75ECCA8}.Debug|x64.Build.0 = Debug|Any CPU
		{765BD903-E09B-4B2E-A37B-D294D75ECCA8}.Debug|x86.ActiveCfg = Debug|Any CPU
		{765BD903-E09B-4B2E-A37B-D294D75ECCA8}.Debug|x86.Build.0 = Debug|Any CPU
		{765BD903-E09B-4B2E-A37B-D294D75ECCA8}.Release|Any CPU.ActiveCfg = Release|Any CPU
		{765BD903-E09B-4B2E-A37B-D294D75ECCA8}.Release|Any CPU.Build.0 = Release|Any CPU
		{765BD903-E09B-4B2E-A37B-D294D75ECCA8}.Release|x64.ActiveCfg = Release|Any CPU
		{765BD903-E09B-4B2E-A37B-D294D75ECCA8}.Release|x64.Build.0 = Release|Any CPU
		{765BD903-E09B-4B2E-A37B-D294D75ECCA8}.Release|x86.ActiveCfg = Release|Any CPU
		{765BD903-E09B-4B2E-A37B-D294D75ECCA8}.Release|x86.Build.0 = Release|Any CPU
		{8E0CACC9-3B2E-4223-93B3-4484DA1CFEDD}.Debug|Any CPU.ActiveCfg = Debug|Any CPU
		{8E0CACC9-3B2E-4223-93B3-4484DA1CFEDD}.Debug|Any CPU.Build.0 = Debug|Any CPU
		{8E0CACC9-3B2E-4223-93B3-4484DA1CFEDD}.Debug|x64.ActiveCfg = Debug|Any CPU
		{8E0CACC9-3B2E-4223-93B3-4484DA1CFEDD}.Debug|x64.Build.0 = Debug|Any CPU
		{8E0CACC9-3B2E-4223-93B3-4484DA1CFEDD}.Debug|x86.ActiveCfg = Debug|Any CPU
		{8E0CACC9-3B2E-4223-93B3-4484DA1CFEDD}.Debug|x86.Build.0 = Debug|Any CPU
		{8E0CACC9-3B2E-4223-93B3-4484DA1CFEDD}.Release|Any CPU.ActiveCfg = Release|Any CPU
		{8E0CACC9-3B2E-4223-93B3-4484DA1CFEDD}.Release|Any CPU.Build.0 = Release|Any CPU
		{8E0CACC9-3B2E-4223-93B3-4484DA1CFEDD}.Release|x64.ActiveCfg = Release|Any CPU
		{8E0CACC9-3B2E-4223-93B3-4484DA1CFEDD}.Release|x64.Build.0 = Release|Any CPU
		{8E0CACC9-3B2E-4223-93B3-4484DA1CFEDD}.Release|x86.ActiveCfg = Release|Any CPU
		{8E0CACC9-3B2E-4223-93B3-4484DA1CFEDD}.Release|x86.Build.0 = Release|Any CPU
		{95E81EA0-45A4-4294-A8CE-A618E28EA0AA}.Debug|Any CPU.ActiveCfg = Debug|Any CPU
		{95E81EA0-45A4-4294-A8CE-A618E28EA0AA}.Debug|Any CPU.Build.0 = Debug|Any CPU
		{95E81EA0-45A4-4294-A8CE-A618E28EA0AA}.Debug|x64.ActiveCfg = Debug|Any CPU
		{95E81EA0-45A4-4294-A8CE-A618E28EA0AA}.Debug|x64.Build.0 = Debug|Any CPU
		{95E81EA0-45A4-4294-A8CE-A618E28EA0AA}.Debug|x86.ActiveCfg = Debug|Any CPU
		{95E81EA0-45A4-4294-A8CE-A618E28EA0AA}.Debug|x86.Build.0 = Debug|Any CPU
		{95E81EA0-45A4-4294-A8CE-A618E28EA0AA}.Release|Any CPU.ActiveCfg = Release|Any CPU
		{95E81EA0-45A4-4294-A8CE-A618E28EA0AA}.Release|Any CPU.Build.0 = Release|Any CPU
		{95E81EA0-45A4-4294-A8CE-A618E28EA0AA}.Release|x64.ActiveCfg = Release|Any CPU
		{95E81EA0-45A4-4294-A8CE-A618E28EA0AA}.Release|x64.Build.0 = Release|Any CPU
		{95E81EA0-45A4-4294-A8CE-A618E28EA0AA}.Release|x86.ActiveCfg = Release|Any CPU
		{95E81EA0-45A4-4294-A8CE-A618E28EA0AA}.Release|x86.Build.0 = Release|Any CPU
		{D07ECDDC-0AD5-4DE6-90AB-B945C3227EB0}.Debug|Any CPU.ActiveCfg = Debug|Any CPU
		{D07ECDDC-0AD5-4DE6-90AB-B945C3227EB0}.Debug|Any CPU.Build.0 = Debug|Any CPU
		{D07ECDDC-0AD5-4DE6-90AB-B945C3227EB0}.Debug|x64.ActiveCfg = Debug|Any CPU
		{D07ECDDC-0AD5-4DE6-90AB-B945C3227EB0}.Debug|x64.Build.0 = Debug|Any CPU
		{D07ECDDC-0AD5-4DE6-90AB-B945C3227EB0}.Debug|x86.ActiveCfg = Debug|Any CPU
		{D07ECDDC-0AD5-4DE6-90AB-B945C3227EB0}.Debug|x86.Build.0 = Debug|Any CPU
		{D07ECDDC-0AD5-4DE6-90AB-B945C3227EB0}.Release|Any CPU.ActiveCfg = Release|Any CPU
		{D07ECDDC-0AD5-4DE6-90AB-B945C3227EB0}.Release|Any CPU.Build.0 = Release|Any CPU
		{D07ECDDC-0AD5-4DE6-90AB-B945C3227EB0}.Release|x64.ActiveCfg = Release|Any CPU
		{D07ECDDC-0AD5-4DE6-90AB-B945C3227EB0}.Release|x64.Build.0 = Release|Any CPU
		{D07ECDDC-0AD5-4DE6-90AB-B945C3227EB0}.Release|x86.ActiveCfg = Release|Any CPU
		{D07ECDDC-0AD5-4DE6-90AB-B945C3227EB0}.Release|x86.Build.0 = Release|Any CPU
		{BFDB5D51-9324-4C06-8EEE-5AE40D278FEF}.Debug|Any CPU.ActiveCfg = Debug|Any CPU
		{BFDB5D51-9324-4C06-8EEE-5AE40D278FEF}.Debug|Any CPU.Build.0 = Debug|Any CPU
		{BFDB5D51-9324-4C06-8EEE-5AE40D278FEF}.Debug|x64.ActiveCfg = Debug|Any CPU
		{BFDB5D51-9324-4C06-8EEE-5AE40D278FEF}.Debug|x64.Build.0 = Debug|Any CPU
		{BFDB5D51-9324-4C06-8EEE-5AE40D278FEF}.Debug|x86.ActiveCfg = Debug|Any CPU
		{BFDB5D51-9324-4C06-8EEE-5AE40D278FEF}.Debug|x86.Build.0 = Debug|Any CPU
		{BFDB5D51-9324-4C06-8EEE-5AE40D278FEF}.Release|Any CPU.ActiveCfg = Release|Any CPU
		{BFDB5D51-9324-4C06-8EEE-5AE40D278FEF}.Release|Any CPU.Build.0 = Release|Any CPU
		{BFDB5D51-9324-4C06-8EEE-5AE40D278FEF}.Release|x64.ActiveCfg = Release|Any CPU
		{BFDB5D51-9324-4C06-8EEE-5AE40D278FEF}.Release|x64.Build.0 = Release|Any CPU
		{BFDB5D51-9324-4C06-8EEE-5AE40D278FEF}.Release|x86.ActiveCfg = Release|Any CPU
		{BFDB5D51-9324-4C06-8EEE-5AE40D278FEF}.Release|x86.Build.0 = Release|Any CPU
	EndGlobalSection
	GlobalSection(SolutionProperties) = preSolution
		HideSolutionNode = FALSE
	EndGlobalSection
	GlobalSection(NestedProjects) = preSolution
		{765BD903-E09B-4B2E-A37B-D294D75ECCA8} = {827E0CD3-B72D-47B6-A68D-7590B98EB39B}
		{8E0CACC9-3B2E-4223-93B3-4484DA1CFEDD} = {827E0CD3-B72D-47B6-A68D-7590B98EB39B}
		{95E81EA0-45A4-4294-A8CE-A618E28EA0AA} = {827E0CD3-B72D-47B6-A68D-7590B98EB39B}
		{D07ECDDC-0AD5-4DE6-90AB-B945C3227EB0} = {0AB3BF05-4346-4AA6-1389-037BE0695223}
		{BFDB5D51-9324-4C06-8EEE-5AE40D278FEF} = {0AB3BF05-4346-4AA6-1389-037BE0695223}
	EndGlobalSection
EndGlobal
